// !$*UTF8*$!
{
	archiveVersion = 1;
	classes = {
	};
	objectVersion = 46;
	objects = {

/* Begin PBXBuildFile section */
		34D3DDC51C03DE930091882C /* main.swift in Sources */ = {isa = PBXBuildFile; fileRef = 34D3DDC41C03DE930091882C /* main.swift */; };
		34D3DDCC1C03DF250091882C /* Invitee.swift in Sources */ = {isa = PBXBuildFile; fileRef = 34D3DDCB1C03DF250091882C /* Invitee.swift */; };
		34D3DDCE1C03DF960091882C /* ShowGenre.swift in Sources */ = {isa = PBXBuildFile; fileRef = 34D3DDCD1C03DF960091882C /* ShowGenre.swift */; };
		34D3DDD01C03DFE50091882C /* InviteList.swift in Sources */ = {isa = PBXBuildFile; fileRef = 34D3DDCF1C03DFE50091882C /* InviteList.swift */; };
/* End PBXBuildFile section */

/* Begin PBXCopyFilesBuildPhase section */
		34D3DDBF1C03DE930091882C /* CopyFiles */ = {
			isa = PBXCopyFilesBuildPhase;
			buildActionMask = 2147483647;
			dstPath = /usr/share/man/man1/;
			dstSubfolderSpec = 0;
			files = (
			);
			runOnlyForDeploymentPostprocessing = 1;
		};
/* End PBXCopyFilesBuildPhase section */

/* Begin PBXFileReference section */
		34D3DDC11C03DE930091882C /* Learning Swift Command Line */ = {isa = PBXFileReference; explicitFileType = "compiled.mach-o.executable"; includeInIndex = 0; path = "Learning Swift Command Line"; sourceTree = BUILT_PRODUCTS_DIR; };
		34D3DDC41C03DE930091882C /* main.swift */ = {isa = PBXFileReference; lastKnownFileType = sourcecode.swift; path = main.swift; sourceTree = "<group>"; };
		34D3DDCB1C03DF250091882C /* Invitee.swift */ = {isa = PBXFileReference; fileEncoding = 4; lastKnownFileType = sourcecode.swift; path = Invitee.swift; sourceTree = "<group>"; };
		34D3DDCD1C03DF960091882C /* ShowGenre.swift */ = {isa = PBXFileReference; fileEncoding = 4; lastKnownFileType = sourcecode.swift; path = ShowGenre.swift; sourceTree = "<group>"; };
		34D3DDCF1C03DFE50091882C /* InviteList.swift */ = {isa = PBXFileReference; fileEncoding = 4; lastKnownFileType = sourcecode.swift; path = InviteList.swift; sourceTree = "<group>"; };
/* End PBXFileReference section */

/* Begin PBXFrameworksBuildPhase section */
		34D3DDBE1C03DE930091882C /* Frameworks */ = {
			isa = PBXFrameworksBuildPhase;
			buildActionMask = 2147483647;
			files = (
			);
			runOnlyForDeploymentPostprocessing = 0;
		};
/* End PBXFrameworksBuildPhase section */

/* Begin PBXGroup section */
		34D3DDB81C03DE930091882C = {
			isa = PBXGroup;
			children = (
				34D3DDC31C03DE930091882C /* Learning Swift Command Line */,
				34D3DDC21C03DE930091882C /* Products */,
			);
			sourceTree = "<group>";
		};
		34D3DDC21C03DE930091882C /* Products */ = {
			isa = PBXGroup;
			children = (
				34D3DDC11C03DE930091882C /* Learning Swift Command Line */,
			);
			name = Products;
			sourceTree = "<group>";
		};
		34D3DDC31C03DE930091882C /* Learning Swift Command Line */ = {
			isa = PBXGroup;
			children = (
				34D3DDC41C03DE930091882C /* main.swift */,
				34D3DDCB1C03DF250091882C /* Invitee.swift */,
				34D3DDCF1C03DFE50091882C /* InviteList.swift */,
				34D3DDCD1C03DF960091882C /* ShowGenre.swift */,
			);
			path = "Learning Swift Command Line";
			sourceTree = "<group>";
		};
/* End PBXGroup section */

/* Begin PBXNativeTarget section */
		34D3DDC01C03DE930091882C /* Learning Swift Command Line */ = {
			isa = PBXNativeTarget;
			buildConfigurationList = 34D3DDC81C03DE930091882C /* Build configuration list for PBXNativeTarget "Learning Swift Command Line" */;
			buildPhases = (
				34D3DDBD1C03DE930091882C /* Sources */,
				34D3DDBE1C03DE930091882C /* Frameworks */,
				34D3DDBF1C03DE930091882C /* CopyFiles */,
			);
			buildRules = (
			);
			dependencies = (
			);
			name = "Learning Swift Command Line";
			productName = "Learning Swift Command Line";
			productReference = 34D3DDC11C03DE930091882C /* Learning Swift Command Line */;
			productType = "com.apple.product-type.tool";
		};
/* End PBXNativeTarget section */

/* Begin PBXProject section */
		34D3DDB91C03DE930091882C /* Project object */ = {
			isa = PBXProject;
			attributes = {
				LastSwiftUpdateCheck = 0710;
				LastUpgradeCheck = 0710;
				ORGANIZATIONNAME = "Shane E";
				TargetAttributes = {
					34D3DDC01C03DE930091882C = {
						CreatedOnToolsVersion = 7.1.1;
					};
				};
			};
			buildConfigurationList = 34D3DDBC1C03DE930091882C /* Build configuration list for PBXProject "Learning Swift Command Line" */;
			compatibilityVersion = "Xcode 3.2";
			developmentRegion = English;
			hasScannedForEncodings = 0;
			knownRegions = (
				en,
			);
			mainGroup = 34D3DDB81C03DE930091882C;
			productRefGroup = 34D3DDC21C03DE930091882C /* Products */;
			projectDirPath = "";
			projectRoot = "";
			targets = (
				34D3DDC01C03DE930091882C /* Learning Swift Command Line */,
			);
		};
/* End PBXProject section */

/* Begin PBXSourcesBuildPhase section */
		34D3DDBD1C03DE930091882C /* Sources */ = {
			isa = PBXSourcesBuildPhase;
			buildActionMask = 2147483647;
			files = (
				34D3DDCE1C03DF960091882C /* ShowGenre.swift in Sources */,
				34D3DDCC1C03DF250091882C /* Invitee.swift in Sources */,
				34D3DDD01C03DFE50091882C /* InviteList.swift in Sources */,
				34D3DDC51C03DE930091882C /* main.swift in Sources */,
			);
			runOnlyForDeploymentPostprocessing = 0;
		};
/* End PBXSourcesBuildPhase section */

/* Begin XCBuildConfiguration section */
		34D3DDC61C03DE930091882C /* Debug */ = {
			isa = XCBuildConfiguration;
			buildSettings = {
				ALWAYS_SEARCH_USER_PATHS = NO;
				CLANG_CXX_LANGUAGE_STANDARD = "gnu++0x";
				CLANG_CXX_LIBRARY = "libc++";
				CLANG_ENABLE_MODULES = YES;
				CLANG_ENABLE_OBJC_ARC = YES;
				CLANG_WARN_BOOL_CONVERSION = YES;
				CLANG_WARN_CONSTANT_CONVERSION = YES;
				CLANG_WARN_DIRECT_OBJC_ISA_USAGE = YES_ERROR;
				CLANG_WARN_EMPTY_BODY = YES;
				CLANG_WARN_ENUM_CONVERSION = YES;
				CLANG_WARN_INT_CONVERSION = YES;
				CLANG_WARN_OBJC_ROOT_CLASS = YES_ERROR;
				CLANG_WARN_UNREACHABLE_CODE = YES;
				CLANG_WARN__DUPLICATE_METHOD_MATCH = YES;
				CODE_SIGN_IDENTITY = "-";
				COPY_PHASE_STRIP = NO;
				DEBUG_INFORMATION_FORMAT = dwarf;
				ENABLE_STRICT_OBJC_MSGSEND = YES;
				ENABLE_TESTABILITY = YES;
				GCC_C_LANGUAGE_STANDARD = gnu99;
				GCC_DYNAMIC_NO_PIC = NO;
				GCC_NO_COMMON_BLOCKS = YES;
				GCC_OPTIMIZATION_LEVEL = 0;
				GCC_PREPROCESSOR_DEFINITIONS = (
					"DEBUG=1",
					"$(inherited)",
				);
				GCC_WARN_64_TO_32_BIT_CONVERSION = YES;
				GCC_WARN_ABOUT_RETURN_TYPE = YES_ERROR;
				GCC_WARN_UNDECLARED_SELECTOR = YES;
				GCC_WARN_UNINITIALIZED_AUTOS = YES_AGGRESSIVE;
				GCC_WARN_UNUSED_FUNCTION = YES;
				GCC_WARN_UNUSED_VARIABLE = YES;
				MACOSX_DEPLOYMENT_TARGET = 10.11;
				MTL_ENABLE_DEBUG_INFO = YES;
				ONLY_ACTIVE_ARCH = YES;
				SDKROOT = macosx;
				SWIFT_OPTIMIZATION_LEVEL = "-Onone";
			};
			name = Debug;
		};
		34D3DDC71C03DE930091882C /* Release */ = {
			isa = XCBuildConfiguration;
			buildSettings = {
				ALWAYS_SEARCH_USER_PATHS = NO;
				CLANG_CXX_LANGUAGE_STANDARD = "gnu++0x";
				CLANG_CXX_LIBRARY = "libc++";
				CLANG_ENABLE_MODULES = YES;
				CLANG_ENABLE_OBJC_ARC = YES;
				CLANG_WARN_BOOL_CONVERSION = YES;
				CLANG_WARN_CONSTANT_CONVERSION = YES;
				CLANG_WARN_DIRECT_OBJC_ISA_USAGE = YES_ERROR;
				CLANG_WARN_EMPTY_BODY = YES;
				CLANG_WARN_ENUM_CONVERSION = YES;
				CLANG_WARN_INT_CONVERSION = YES;
				CLANG_WARN_OBJC_ROOT_CLASS = YES_ERROR;
				CLANG_WARN_UNREACHABLE_CODE = YES;
				CLANG_WARN__DUPLICATE_METHOD_MATCH = YES;
				CODE_SIGN_IDENTITY = "-";
				COPY_PHASE_STRIP = NO;
				DEBUG_INFORMATION_FORMAT = "dwarf-with-dsym";
				ENABLE_NS_ASSERTIONS = NO;
				ENABLE_STRICT_OBJC_MSGSEND = YES;
				GCC_C_LANGUAGE_STANDARD = gnu99;
				GCC_NO_COMMON_BLOCKS = YES;
				GCC_WARN_64_TO_32_BIT_CONVERSION = YES;
				GCC_WARN_ABOUT_RETURN_TYPE = YES_ERROR;
				GCC_WARN_UNDECLARED_SELECTOR = YES;
				GCC_WARN_UNINITIALIZED_AUTOS = YES_AGGRESSIVE;
				GCC_WARN_UNUSED_FUNCTION = YES;
				GCC_WARN_UNUSED_VARIABLE = YES;
				MACOSX_DEPLOYMENT_TARGET = 10.11;
				MTL_ENABLE_DEBUG_INFO = NO;
				SDKROOT = macosx;
			};
			name = Release;
		};
		34D3DDC91C03DE930091882C /* Debug */ = {
			isa = XCBuildConfiguration;
			buildSettings = {
				PRODUCT_NAME = "$(TARGET_NAME)";
			};
			name = Debug;
		};
		34D3DDCA1C03DE930091882C /* Release */ = {
			isa = XCBuildConfiguration;
			buildSettings = {
				PRODUCT_NAME = "$(TARGET_NAME)";
			};
			name = Release;
		};
/* End XCBuildConfiguration section */

/* Begin XCConfigurationList section */
		34D3DDBC1C03DE930091882C /* Build configuration list for PBXProject "Learning Swift Command Line" */ = {
			isa = XCConfigurationList;
			buildConfigurations = (
				34D3DDC61C03DE930091882C /* Debug */,
				34D3DDC71C03DE930091882C /* Release */,
			);
			defaultConfigurationIsVisible = 0;
			defaultConfigurationName = Release;
		};
		34D3DDC81C03DE930091882C /* Build configuration list for PBXNativeTarget "Learning Swift Command Line" */ = {
			isa = XCConfigurationList;
			buildConfigurations = (
				34D3DDC91C03DE930091882C /* Debug */,
				34D3DDCA1C03DE930091882C /* Release */,
			);
			defaultConfigurationIsVisible = 0;
		};
/* End XCConfigurationList section */
	};
	rootObject = 34D3DDB91C03DE930091882C /* Project object */;
}
